<?xml version="1.0" encoding="utf-8"?>
<Project ToolsVersion="4.0" xmlns="http://schemas.microsoft.com/developer/msbuild/2003">
  <ItemGroup>
    <Filter Include="Source Files">
      <UniqueIdentifier>{9e281cdb-c565-4f6a-bedf-557df60dc7f7}</UniqueIdentifier>
      <Extensions>cpp;c;cxx;def;odl;idl;hpj;bat;asm</Extensions>
    </Filter>
    <Filter Include="Header Files">
      <UniqueIdentifier>{bfa2b38f-365b-40e7-b150-d6017eb07724}</UniqueIdentifier>
      <Extensions>h;hpp;hxx;hm;inl;inc</Extensions>
    </Filter>
    <Filter Include="Resource Files">
      <UniqueIdentifier>{675ea50e-d367-44d5-bc7d-b1fd6c941784}</UniqueIdentifier>
      <Extensions>rc;ico;cur;bmp;dlg;rc2;rct;bin;rgs;gif;jpg;jpeg;jpe</Extensions>
    </Filter>
  </ItemGroup>
  <ItemGroup>
    <ClCompile Include="Counters.cpp">
      <Filter>Source Files</Filter>
    </ClCompile>
    <ClCompile Include="Deck.cpp">
      <Filter>Source Files</Filter>
    </ClCompile>
    <ClCompile Include="PokerDefines.cpp">
      <Filter>Source Files</Filter>
    </ClCompile>
    <ClCompile Include="PokerHoldemDefines.cpp">
      <Filter>Source Files</Filter>
    </ClCompile>
    <ClCompile Include="PokerOmahaDefines.cpp">
      <Filter>Source Files</Filter>
    </ClCompile>
    <ClCompile Include="Round.cpp">
      <Filter>Source Files</Filter>
    </ClCompile>
    <ClCompile Include="RoundHoldem.cpp">
      <Filter>Source Files</Filter>
    </ClCompile>
    <ClCompile Include="RoundOmaha.cpp">
      <Filter>Source Files</Filter>
    </ClCompile>
    <ClCompile Include="StackDeck.cpp">
      <Filter>Source Files</Filter>
    </ClCompile>
    <ClCompile Include="PokerHand.cpp">
      <Filter>Source Files</Filter>
    </ClCompile>
  </ItemGroup>
  <ItemGroup>
    <ClInclude Include="CardPlayer.h">
      <Filter>Header Files</Filter>
    </ClInclude>
    <ClInclude Include="Counters.h">
      <Filter>Header Files</Filter>
    </ClInclude>
    <ClInclude Include="Deck.h">
      <Filter>Header Files</Filter>
    </ClInclude>
    <ClInclude Include="PokerDefines.h">
      <Filter>Header Files</Filter>
    </ClInclude>
    <ClInclude Include="PokerHoldemDefines.h">
      <Filter>Header Files</Filter>
    </ClInclude>
    <ClInclude Include="PokerOmahaDefines.h">
      <Filter>Header Files</Filter>
    </ClInclude>
    <ClInclude Include="PokerStudDefines.h">
      <Filter>Header Files</Filter>
    </ClInclude>
    <ClInclude Include="Round.h">
      <Filter>Header Files</Filter>
    </ClInclude>
    <ClInclude Include="RoundHoldem.h">
      <Filter>Header Files</Filter>
    </ClInclude>
    <ClInclude Include="RoundOmaha.h">
      <Filter>Header Files</Filter>
    </ClInclude>
    <ClInclude Include="RoundStud.h">
      <Filter>Header Files</Filter>
    </ClInclude>
    <ClInclude Include="StackDeck.h">
      <Filter>Header Files</Filter>
    </ClInclude>
    <ClInclude Include="PokerHand.h">
      <Filter>Header Files</Filter>
    </ClInclude>
    <ClInclude Include="PokerLogging.h">
      <Filter>Header Files</Filter>
    </ClInclude>
  </ItemGroup>
  <ItemGroup>
    <None Include="ReadMe.txt">
      <Filter>Resource Files</Filter>
    </None>
  </ItemGroup>
</Project>